// !$*UTF8*$!
{
	archiveVersion = 1;
	classes = {
	};
	objectVersion = 56;
	objects = {

/* Begin PBXBuildFile section */
		ABB95C1D29D40885001F6592 /* DatapadApp.swift in Sources */ = {isa = PBXBuildFile; fileRef = ABB95C1C29D40885001F6592 /* DatapadApp.swift */; };
		ABB95C1F29D40885001F6592 /* ContentView.swift in Sources */ = {isa = PBXBuildFile; fileRef = ABB95C1E29D40885001F6592 /* ContentView.swift */; };
		ABB95C2129D40888001F6592 /* Assets.xcassets in Resources */ = {isa = PBXBuildFile; fileRef = ABB95C2029D40888001F6592 /* Assets.xcassets */; };
		ABB95C2429D40888001F6592 /* Preview Assets.xcassets in Resources */ = {isa = PBXBuildFile; fileRef = ABB95C2329D40888001F6592 /* Preview Assets.xcassets */; };
		ABB95C2C29D53D9F001F6592 /* Aurebesh.otf in Resources */ = {isa = PBXBuildFile; fileRef = ABB95C2B29D53D9F001F6592 /* Aurebesh.otf */; };
		ABB95C3029D548E3001F6592 /* Planet.swift in Sources */ = {isa = PBXBuildFile; fileRef = ABB95C2F29D548E3001F6592 /* Planet.swift */; };
		ABB95C3229D5490F001F6592 /* Forecast.swift in Sources */ = {isa = PBXBuildFile; fileRef = ABB95C3129D5490F001F6592 /* Forecast.swift */; };
		ABB95C4129D5963B001F6592 /* WidgetKit.framework in Frameworks */ = {isa = PBXBuildFile; fileRef = ABB95C4029D5963B001F6592 /* WidgetKit.framework */; };
		ABB95C4329D5963B001F6592 /* SwiftUI.framework in Frameworks */ = {isa = PBXBuildFile; fileRef = ABB95C4229D5963B001F6592 /* SwiftUI.framework */; };
		ABB95C4629D5963B001F6592 /* DatapadWidgetBundle.swift in Sources */ = {isa = PBXBuildFile; fileRef = ABB95C4529D5963B001F6592 /* DatapadWidgetBundle.swift */; };
		ABB95C4829D5963B001F6592 /* DatapadWidgetLiveActivity.swift in Sources */ = {isa = PBXBuildFile; fileRef = ABB95C4729D5963B001F6592 /* DatapadWidgetLiveActivity.swift */; };
		ABB95C4A29D5963B001F6592 /* DatapadWidget.swift in Sources */ = {isa = PBXBuildFile; fileRef = ABB95C4929D5963B001F6592 /* DatapadWidget.swift */; };
		ABB95C4C29D5963E001F6592 /* Assets.xcassets in Resources */ = {isa = PBXBuildFile; fileRef = ABB95C4B29D5963E001F6592 /* Assets.xcassets */; };
		ABB95C5029D5963E001F6592 /* DatapadWidgetExtension.appex in Embed Foundation Extensions */ = {isa = PBXBuildFile; fileRef = ABB95C3E29D5963B001F6592 /* DatapadWidgetExtension.appex */; settings = {ATTRIBUTES = (RemoveHeadersOnCopy, ); }; };
/* End PBXBuildFile section */

/* Begin PBXContainerItemProxy section */
		ABB95C4E29D5963E001F6592 /* PBXContainerItemProxy */ = {
			isa = PBXContainerItemProxy;
			containerPortal = ABB95C1129D40885001F6592 /* Project object */;
			proxyType = 1;
			remoteGlobalIDString = ABB95C3D29D5963B001F6592;
			remoteInfo = DatapadWidgetExtension;
		};
/* End PBXContainerItemProxy section */

/* Begin PBXCopyFilesBuildPhase section */
		ABB95C5429D5963E001F6592 /* Embed Foundation Extensions */ = {
			isa = PBXCopyFilesBuildPhase;
			buildActionMask = 2147483647;
			dstPath = "";
			dstSubfolderSpec = 13;
			files = (
				ABB95C5029D5963E001F6592 /* DatapadWidgetExtension.appex in Embed Foundation Extensions */,
			);
			name = "Embed Foundation Extensions";
			runOnlyForDeploymentPostprocessing = 0;
		};
/* End PBXCopyFilesBuildPhase section */

/* Begin PBXFileReference section */
		ABB95C1929D40885001F6592 /* Datapad.app */ = {isa = PBXFileReference; explicitFileType = wrapper.application; includeInIndex = 0; path = Datapad.app; sourceTree = BUILT_PRODUCTS_DIR; };
		ABB95C1C29D40885001F6592 /* DatapadApp.swift */ = {isa = PBXFileReference; lastKnownFileType = sourcecode.swift; path = DatapadApp.swift; sourceTree = "<group>"; };
		ABB95C1E29D40885001F6592 /* ContentView.swift */ = {isa = PBXFileReference; lastKnownFileType = sourcecode.swift; path = ContentView.swift; sourceTree = "<group>"; };
		ABB95C2029D40888001F6592 /* Assets.xcassets */ = {isa = PBXFileReference; lastKnownFileType = folder.assetcatalog; path = Assets.xcassets; sourceTree = "<group>"; };
		ABB95C2329D40888001F6592 /* Preview Assets.xcassets */ = {isa = PBXFileReference; lastKnownFileType = folder.assetcatalog; path = "Preview Assets.xcassets"; sourceTree = "<group>"; };
		ABB95C2B29D53D9F001F6592 /* Aurebesh.otf */ = {isa = PBXFileReference; lastKnownFileType = file; path = Aurebesh.otf; sourceTree = "<group>"; };
		ABB95C2D29D54415001F6592 /* Info.plist */ = {isa = PBXFileReference; lastKnownFileType = text.plist; path = Info.plist; sourceTree = "<group>"; };
		ABB95C2F29D548E3001F6592 /* Planet.swift */ = {isa = PBXFileReference; lastKnownFileType = sourcecode.swift; path = Planet.swift; sourceTree = "<group>"; };
		ABB95C3129D5490F001F6592 /* Forecast.swift */ = {isa = PBXFileReference; lastKnownFileType = sourcecode.swift; path = Forecast.swift; sourceTree = "<group>"; };
		ABB95C3E29D5963B001F6592 /* DatapadWidgetExtension.appex */ = {isa = PBXFileReference; explicitFileType = "wrapper.app-extension"; includeInIndex = 0; path = DatapadWidgetExtension.appex; sourceTree = BUILT_PRODUCTS_DIR; };
		ABB95C4029D5963B001F6592 /* WidgetKit.framework */ = {isa = PBXFileReference; lastKnownFileType = wrapper.framework; name = WidgetKit.framework; path = System/Library/Frameworks/WidgetKit.framework; sourceTree = SDKROOT; };
		ABB95C4229D5963B001F6592 /* SwiftUI.framework */ = {isa = PBXFileReference; lastKnownFileType = wrapper.framework; name = SwiftUI.framework; path = System/Library/Frameworks/SwiftUI.framework; sourceTree = SDKROOT; };
		ABB95C4529D5963B001F6592 /* DatapadWidgetBundle.swift */ = {isa = PBXFileReference; lastKnownFileType = sourcecode.swift; path = DatapadWidgetBundle.swift; sourceTree = "<group>"; };
		ABB95C4729D5963B001F6592 /* DatapadWidgetLiveActivity.swift */ = {isa = PBXFileReference; lastKnownFileType = sourcecode.swift; path = DatapadWidgetLiveActivity.swift; sourceTree = "<group>"; };
		ABB95C4929D5963B001F6592 /* DatapadWidget.swift */ = {isa = PBXFileReference; lastKnownFileType = sourcecode.swift; path = DatapadWidget.swift; sourceTree = "<group>"; };
		ABB95C4B29D5963E001F6592 /* Assets.xcassets */ = {isa = PBXFileReference; lastKnownFileType = folder.assetcatalog; path = Assets.xcassets; sourceTree = "<group>"; };
		ABB95C4D29D5963E001F6592 /* Info.plist */ = {isa = PBXFileReference; lastKnownFileType = text.plist.xml; path = Info.plist; sourceTree = "<group>"; };
/* End PBXFileReference section */

/* Begin PBXFrameworksBuildPhase section */
		ABB95C1629D40885001F6592 /* Frameworks */ = {
			isa = PBXFrameworksBuildPhase;
			buildActionMask = 2147483647;
			files = (
			);
			runOnlyForDeploymentPostprocessing = 0;
		};
		ABB95C3B29D5963B001F6592 /* Frameworks */ = {
			isa = PBXFrameworksBuildPhase;
			buildActionMask = 2147483647;
			files = (
				ABB95C4329D5963B001F6592 /* SwiftUI.framework in Frameworks */,
				ABB95C4129D5963B001F6592 /* WidgetKit.framework in Frameworks */,
			);
			runOnlyForDeploymentPostprocessing = 0;
		};
/* End PBXFrameworksBuildPhase section */

/* Begin PBXGroup section */
		ABB95C1029D40885001F6592 = {
			isa = PBXGroup;
			children = (
				ABB95C1B29D40885001F6592 /* Datapad */,
				ABB95C4429D5963B001F6592 /* DatapadWidget */,
				ABB95C3F29D5963B001F6592 /* Frameworks */,
				ABB95C1A29D40885001F6592 /* Products */,
			);
			sourceTree = "<group>";
		};
		ABB95C1A29D40885001F6592 /* Products */ = {
			isa = PBXGroup;
			children = (
				ABB95C1929D40885001F6592 /* Datapad.app */,
				ABB95C3E29D5963B001F6592 /* DatapadWidgetExtension.appex */,
			);
			name = Products;
			sourceTree = "<group>";
		};
		ABB95C1B29D40885001F6592 /* Datapad */ = {
			isa = PBXGroup;
			children = (
				ABB95C2D29D54415001F6592 /* Info.plist */,
				ABB95C1C29D40885001F6592 /* DatapadApp.swift */,
				ABB95C1E29D40885001F6592 /* ContentView.swift */,
				ABB95C2029D40888001F6592 /* Assets.xcassets */,
				ABB95C2E29D548BD001F6592 /* Data */,
				ABB95C2A29D53D7D001F6592 /* Fonts */,
				ABB95C2229D40888001F6592 /* Preview Content */,
			);
			path = Datapad;
			sourceTree = "<group>";
		};
		ABB95C2229D40888001F6592 /* Preview Content */ = {
			isa = PBXGroup;
			children = (
				ABB95C2329D40888001F6592 /* Preview Assets.xcassets */,
			);
			path = "Preview Content";
			sourceTree = "<group>";
		};
		ABB95C2A29D53D7D001F6592 /* Fonts */ = {
			isa = PBXGroup;
			children = (
				ABB95C2B29D53D9F001F6592 /* Aurebesh.otf */,
			);
			path = Fonts;
			sourceTree = "<group>";
		};
		ABB95C2E29D548BD001F6592 /* Data */ = {
			isa = PBXGroup;
			children = (
				ABB95C2F29D548E3001F6592 /* Planet.swift */,
				ABB95C3129D5490F001F6592 /* Forecast.swift */,
			);
			path = Data;
			sourceTree = "<group>";
		};
		ABB95C3F29D5963B001F6592 /* Frameworks */ = {
			isa = PBXGroup;
			children = (
				ABB95C4029D5963B001F6592 /* WidgetKit.framework */,
				ABB95C4229D5963B001F6592 /* SwiftUI.framework */,
			);
			name = Frameworks;
			sourceTree = "<group>";
		};
		ABB95C4429D5963B001F6592 /* DatapadWidget */ = {
			isa = PBXGroup;
			children = (
				ABB95C4529D5963B001F6592 /* DatapadWidgetBundle.swift */,
				ABB95C4729D5963B001F6592 /* DatapadWidgetLiveActivity.swift */,
				ABB95C4929D5963B001F6592 /* DatapadWidget.swift */,
				ABB95C4B29D5963E001F6592 /* Assets.xcassets */,
				ABB95C4D29D5963E001F6592 /* Info.plist */,
			);
			path = DatapadWidget;
			sourceTree = "<group>";
		};
/* End PBXGroup section */

/* Begin PBXNativeTarget section */
		ABB95C1829D40885001F6592 /* Datapad */ = {
			isa = PBXNativeTarget;
			buildConfigurationList = ABB95C2729D40888001F6592 /* Build configuration list for PBXNativeTarget "Datapad" */;
			buildPhases = (
				ABB95C1529D40885001F6592 /* Sources */,
				ABB95C1629D40885001F6592 /* Frameworks */,
				ABB95C1729D40885001F6592 /* Resources */,
				ABB95C5429D5963E001F6592 /* Embed Foundation Extensions */,
			);
			buildRules = (
			);
			dependencies = (
				ABB95C4F29D5963E001F6592 /* PBXTargetDependency */,
			);
			name = Datapad;
			productName = Datapad;
			productReference = ABB95C1929D40885001F6592 /* Datapad.app */;
			productType = "com.apple.product-type.application";
		};
		ABB95C3D29D5963B001F6592 /* DatapadWidgetExtension */ = {
			isa = PBXNativeTarget;
			buildConfigurationList = ABB95C5129D5963E001F6592 /* Build configuration list for PBXNativeTarget "DatapadWidgetExtension" */;
			buildPhases = (
				ABB95C3A29D5963B001F6592 /* Sources */,
				ABB95C3B29D5963B001F6592 /* Frameworks */,
				ABB95C3C29D5963B001F6592 /* Resources */,
			);
			buildRules = (
			);
			dependencies = (
			);
			name = DatapadWidgetExtension;
			productName = DatapadWidgetExtension;
			productReference = ABB95C3E29D5963B001F6592 /* DatapadWidgetExtension.appex */;
			productType = "com.apple.product-type.app-extension";
		};
/* End PBXNativeTarget section */

/* Begin PBXProject section */
		ABB95C1129D40885001F6592 /* Project object */ = {
			isa = PBXProject;
			attributes = {
				BuildIndependentTargetsInParallel = 1;
				LastSwiftUpdateCheck = 1420;
				LastUpgradeCheck = 1420;
				TargetAttributes = {
					ABB95C1829D40885001F6592 = {
						CreatedOnToolsVersion = 14.2;
					};
					ABB95C3D29D5963B001F6592 = {
						CreatedOnToolsVersion = 14.2;
					};
				};
			};
			buildConfigurationList = ABB95C1429D40885001F6592 /* Build configuration list for PBXProject "Datapad" */;
			compatibilityVersion = "Xcode 14.0";
			developmentRegion = en;
			hasScannedForEncodings = 0;
			knownRegions = (
				en,
				Base,
			);
			mainGroup = ABB95C1029D40885001F6592;
			productRefGroup = ABB95C1A29D40885001F6592 /* Products */;
			projectDirPath = "";
			projectRoot = "";
			targets = (
				ABB95C1829D40885001F6592 /* Datapad */,
				ABB95C3D29D5963B001F6592 /* DatapadWidgetExtension */,
			);
		};
/* End PBXProject section */

/* Begin PBXResourcesBuildPhase section */
		ABB95C1729D40885001F6592 /* Resources */ = {
			isa = PBXResourcesBuildPhase;
			buildActionMask = 2147483647;
			files = (
				ABB95C2429D40888001F6592 /* Preview Assets.xcassets in Resources */,
				ABB95C2C29D53D9F001F6592 /* Aurebesh.otf in Resources */,
				ABB95C2129D40888001F6592 /* Assets.xcassets in Resources */,
			);
			runOnlyForDeploymentPostprocessing = 0;
		};
		ABB95C3C29D5963B001F6592 /* Resources */ = {
			isa = PBXResourcesBuildPhase;
			buildActionMask = 2147483647;
			files = (
				ABB95C4C29D5963E001F6592 /* Assets.xcassets in Resources */,
			);
			runOnlyForDeploymentPostprocessing = 0;
		};
/* End PBXResourcesBuildPhase section */

/* Begin PBXSourcesBuildPhase section */
		ABB95C1529D40885001F6592 /* Sources */ = {
			isa = PBXSourcesBuildPhase;
			buildActionMask = 2147483647;
			files = (
				ABB95C3229D5490F001F6592 /* Forecast.swift in Sources */,
				ABB95C3029D548E3001F6592 /* Planet.swift in Sources */,
				ABB95C1F29D40885001F6592 /* ContentView.swift in Sources */,
				ABB95C1D29D40885001F6592 /* DatapadApp.swift in Sources */,
			);
			runOnlyForDeploymentPostprocessing = 0;
		};
		ABB95C3A29D5963B001F6592 /* Sources */ = {
			isa = PBXSourcesBuildPhase;
			buildActionMask = 2147483647;
			files = (
				ABB95C4829D5963B001F6592 /* DatapadWidgetLiveActivity.swift in Sources */,
				ABB95C4629D5963B001F6592 /* DatapadWidgetBundle.swift in Sources */,
				ABB95C4A29D5963B001F6592 /* DatapadWidget.swift in Sources */,
			);
			runOnlyForDeploymentPostprocessing = 0;
		};
/* End PBXSourcesBuildPhase section */

/* Begin PBXTargetDependency section */
		ABB95C4F29D5963E001F6592 /* PBXTargetDependency */ = {
			isa = PBXTargetDependency;
			target = ABB95C3D29D5963B001F6592 /* DatapadWidgetExtension */;
			targetProxy = ABB95C4E29D5963E001F6592 /* PBXContainerItemProxy */;
		};
/* End PBXTargetDependency section */

/* Begin XCBuildConfiguration section */
		ABB95C2529D40888001F6592 /* Debug */ = {
			isa = XCBuildConfiguration;
			buildSettings = {
				ALWAYS_SEARCH_USER_PATHS = NO;
				CLANG_ANALYZER_NONNULL = YES;
				CLANG_ANALYZER_NUMBER_OBJECT_CONVERSION = YES_AGGRESSIVE;
				CLANG_CXX_LANGUAGE_STANDARD = "gnu++20";
				CLANG_ENABLE_MODULES = YES;
				CLANG_ENABLE_OBJC_ARC = YES;
				CLANG_ENABLE_OBJC_WEAK = YES;
				CLANG_WARN_BLOCK_CAPTURE_AUTORELEASING = YES;
				CLANG_WARN_BOOL_CONVERSION = YES;
				CLANG_WARN_COMMA = YES;
				CLANG_WARN_CONSTANT_CONVERSION = YES;
				CLANG_WARN_DEPRECATED_OBJC_IMPLEMENTATIONS = YES;
				CLANG_WARN_DIRECT_OBJC_ISA_USAGE = YES_ERROR;
				CLANG_WARN_DOCUMENTATION_COMMENTS = YES;
				CLANG_WARN_EMPTY_BODY = YES;
				CLANG_WARN_ENUM_CONVERSION = YES;
				CLANG_WARN_INFINITE_RECURSION = YES;
				CLANG_WARN_INT_CONVERSION = YES;
				CLANG_WARN_NON_LITERAL_NULL_CONVERSION = YES;
				CLANG_WARN_OBJC_IMPLICIT_RETAIN_SELF = YES;
				CLANG_WARN_OBJC_LITERAL_CONVERSION = YES;
				CLANG_WARN_OBJC_ROOT_CLASS = YES_ERROR;
				CLANG_WARN_QUOTED_INCLUDE_IN_FRAMEWORK_HEADER = YES;
				CLANG_WARN_RANGE_LOOP_ANALYSIS = YES;
				CLANG_WARN_STRICT_PROTOTYPES = YES;
				CLANG_WARN_SUSPICIOUS_MOVE = YES;
				CLANG_WARN_UNGUARDED_AVAILABILITY = YES_AGGRESSIVE;
				CLANG_WARN_UNREACHABLE_CODE = YES;
				CLANG_WARN__DUPLICATE_METHOD_MATCH = YES;
				COPY_PHASE_STRIP = NO;
				DEBUG_INFORMATION_FORMAT = dwarf;
				ENABLE_STRICT_OBJC_MSGSEND = YES;
				ENABLE_TESTABILITY = YES;
				GCC_C_LANGUAGE_STANDARD = gnu11;
				GCC_DYNAMIC_NO_PIC = NO;
				GCC_NO_COMMON_BLOCKS = YES;
				GCC_OPTIMIZATION_LEVEL = 0;
				GCC_PREPROCESSOR_DEFINITIONS = (
					"DEBUG=1",
					"$(inherited)",
				);
				GCC_WARN_64_TO_32_BIT_CONVERSION = YES;
				GCC_WARN_ABOUT_RETURN_TYPE = YES_ERROR;
				GCC_WARN_UNDECLARED_SELECTOR = YES;
				GCC_WARN_UNINITIALIZED_AUTOS = YES_AGGRESSIVE;
				GCC_WARN_UNUSED_FUNCTION = YES;
				GCC_WARN_UNUSED_VARIABLE = YES;
				IPHONEOS_DEPLOYMENT_TARGET = 16.2;
				MTL_ENABLE_DEBUG_INFO = INCLUDE_SOURCE;
				MTL_FAST_MATH = YES;
				ONLY_ACTIVE_ARCH = YES;
				SDKROOT = iphoneos;
				SWIFT_ACTIVE_COMPILATION_CONDITIONS = DEBUG;
				SWIFT_OPTIMIZATION_LEVEL = "-Onone";
			};
			name = Debug;
		};
		ABB95C2629D40888001F6592 /* Release */ = {
			isa = XCBuildConfiguration;
			buildSettings = {
				ALWAYS_SEARCH_USER_PATHS = NO;
				CLANG_ANALYZER_NONNULL = YES;
				CLANG_ANALYZER_NUMBER_OBJECT_CONVERSION = YES_AGGRESSIVE;
				CLANG_CXX_LANGUAGE_STANDARD = "gnu++20";
				CLANG_ENABLE_MODULES = YES;
				CLANG_ENABLE_OBJC_ARC = YES;
				CLANG_ENABLE_OBJC_WEAK = YES;
				CLANG_WARN_BLOCK_CAPTURE_AUTORELEASING = YES;
				CLANG_WARN_BOOL_CONVERSION = YES;
				CLANG_WARN_COMMA = YES;
				CLANG_WARN_CONSTANT_CONVERSION = YES;
				CLANG_WARN_DEPRECATED_OBJC_IMPLEMENTATIONS = YES;
				CLANG_WARN_DIRECT_OBJC_ISA_USAGE = YES_ERROR;
				CLANG_WARN_DOCUMENTATION_COMMENTS = YES;
				CLANG_WARN_EMPTY_BODY = YES;
				CLANG_WARN_ENUM_CONVERSION = YES;
				CLANG_WARN_INFINITE_RECURSION = YES;
				CLANG_WARN_INT_CONVERSION = YES;
				CLANG_WARN_NON_LITERAL_NULL_CONVERSION = YES;
				CLANG_WARN_OBJC_IMPLICIT_RETAIN_SELF = YES;
				CLANG_WARN_OBJC_LITERAL_CONVERSION = YES;
				CLANG_WARN_OBJC_ROOT_CLASS = YES_ERROR;
				CLANG_WARN_QUOTED_INCLUDE_IN_FRAMEWORK_HEADER = YES;
				CLANG_WARN_RANGE_LOOP_ANALYSIS = YES;
				CLANG_WARN_STRICT_PROTOTYPES = YES;
				CLANG_WARN_SUSPICIOUS_MOVE = YES;
				CLANG_WARN_UNGUARDED_AVAILABILITY = YES_AGGRESSIVE;
				CLANG_WARN_UNREACHABLE_CODE = YES;
				CLANG_WARN__DUPLICATE_METHOD_MATCH = YES;
				COPY_PHASE_STRIP = NO;
				DEBUG_INFORMATION_FORMAT = "dwarf-with-dsym";
				ENABLE_NS_ASSERTIONS = NO;
				ENABLE_STRICT_OBJC_MSGSEND = YES;
				GCC_C_LANGUAGE_STANDARD = gnu11;
				GCC_NO_COMMON_BLOCKS = YES;
				GCC_WARN_64_TO_32_BIT_CONVERSION = YES;
				GCC_WARN_ABOUT_RETURN_TYPE = YES_ERROR;
				GCC_WARN_UNDECLARED_SELECTOR = YES;
				GCC_WARN_UNINITIALIZED_AUTOS = YES_AGGRESSIVE;
				GCC_WARN_UNUSED_FUNCTION = YES;
				GCC_WARN_UNUSED_VARIABLE = YES;
				IPHONEOS_DEPLOYMENT_TARGET = 16.2;
				MTL_ENABLE_DEBUG_INFO = NO;
				MTL_FAST_MATH = YES;
				SDKROOT = iphoneos;
				SWIFT_COMPILATION_MODE = wholemodule;
				SWIFT_OPTIMIZATION_LEVEL = "-O";
				VALIDATE_PRODUCT = YES;
			};
			name = Release;
		};
		ABB95C2829D40888001F6592 /* Debug */ = {
			isa = XCBuildConfiguration;
			buildSettings = {
				ALWAYS_EMBED_SWIFT_STANDARD_LIBRARIES = YES;
				ASSETCATALOG_COMPILER_APPICON_NAME = AppIcon;
				ASSETCATALOG_COMPILER_GLOBAL_ACCENT_COLOR_NAME = AccentColor;
				CODE_SIGN_STYLE = Automatic;
				CURRENT_PROJECT_VERSION = 1;
				DEVELOPMENT_ASSET_PATHS = "\"Datapad/Preview Content\"";
				ENABLE_PREVIEWS = YES;
				GENERATE_INFOPLIST_FILE = YES;
				INFOPLIST_FILE = Datapad/Info.plist;
				INFOPLIST_KEY_UIApplicationSceneManifest_Generation = YES;
				INFOPLIST_KEY_UIApplicationSupportsIndirectInputEvents = YES;
				INFOPLIST_KEY_UILaunchScreen_Generation = YES;
				INFOPLIST_KEY_UISupportedInterfaceOrientations_iPad = "UIInterfaceOrientationPortrait UIInterfaceOrientationPortraitUpsideDown UIInterfaceOrientationLandscapeLeft UIInterfaceOrientationLandscapeRight";
				INFOPLIST_KEY_UISupportedInterfaceOrientations_iPhone = "UIInterfaceOrientationPortrait UIInterfaceOrientationLandscapeLeft UIInterfaceOrientationLandscapeRight";
				LD_RUNPATH_SEARCH_PATHS = (
					"$(inherited)",
					"@executable_path/Frameworks",
				);
				MARKETING_VERSION = 1.0;
				PRODUCT_BUNDLE_IDENTIFIER = popnerd.studio.Datapad;
				PRODUCT_NAME = "$(TARGET_NAME)";
				SWIFT_EMIT_LOC_STRINGS = YES;
				SWIFT_VERSION = 5.0;
				TARGETED_DEVICE_FAMILY = "1,2";
			};
			name = Debug;
		};
		ABB95C2929D40888001F6592 /* Release */ = {
			isa = XCBuildConfiguration;
			buildSettings = {
				ALWAYS_EMBED_SWIFT_STANDARD_LIBRARIES = YES;
				ASSETCATALOG_COMPILER_APPICON_NAME = AppIcon;
				ASSETCATALOG_COMPILER_GLOBAL_ACCENT_COLOR_NAME = AccentColor;
				CODE_SIGN_STYLE = Automatic;
				CURRENT_PROJECT_VERSION = 1;
				DEVELOPMENT_ASSET_PATHS = "\"Datapad/Preview Content\"";
				ENABLE_PREVIEWS = YES;
				GENERATE_INFOPLIST_FILE = YES;
				INFOPLIST_FILE = Datapad/Info.plist;
				INFOPLIST_KEY_UIApplicationSceneManifest_Generation = YES;
				INFOPLIST_KEY_UIApplicationSupportsIndirectInputEvents = YES;
				INFOPLIST_KEY_UILaunchScreen_Generation = YES;
				INFOPLIST_KEY_UISupportedInterfaceOrientations_iPad = "UIInterfaceOrientationPortrait UIInterfaceOrientationPortraitUpsideDown UIInterfaceOrientationLandscapeLeft UIInterfaceOrientationLandscapeRight";
				INFOPLIST_KEY_UISupportedInterfaceOrientations_iPhone = "UIInterfaceOrientationPortrait UIInterfaceOrientationLandscapeLeft UIInterfaceOrientationLandscapeRight";
				LD_RUNPATH_SEARCH_PATHS = (
					"$(inherited)",
					"@executable_path/Frameworks",
				);
				MARKETING_VERSION = 1.0;
				PRODUCT_BUNDLE_IDENTIFIER = popnerd.studio.Datapad;
				PRODUCT_NAME = "$(TARGET_NAME)";
				SWIFT_EMIT_LOC_STRINGS = YES;
				SWIFT_VERSION = 5.0;
				TARGETED_DEVICE_FAMILY = "1,2";
			};
			name = Release;
		};
		ABB95C5229D5963E001F6592 /* Debug */ = {
			isa = XCBuildConfiguration;
			buildSettings = {
				ASSETCATALOG_COMPILER_GLOBAL_ACCENT_COLOR_NAME = AccentColor;
				ASSETCATALOG_COMPILER_WIDGET_BACKGROUND_COLOR_NAME = WidgetBackground;
				CODE_SIGN_STYLE = Automatic;
				CURRENT_PROJECT_VERSION = 1;
				GENERATE_INFOPLIST_FILE = YES;
				INFOPLIST_FILE = DatapadWidget/Info.plist;
				INFOPLIST_KEY_CFBundleDisplayName = DatapadWidget;
				INFOPLIST_KEY_NSHumanReadableCopyright = "";
				LD_RUNPATH_SEARCH_PATHS = (
					"$(inherited)",
					"@executable_path/Frameworks",
					"@executable_path/../../Frameworks",
				);
				MARKETING_VERSION = 1.0;
				PRODUCT_BUNDLE_IDENTIFIER = popnerd.studio.Datapad.DatapadWidget;
				PRODUCT_NAME = "$(TARGET_NAME)";
				SKIP_INSTALL = YES;
				SWIFT_EMIT_LOC_STRINGS = YES;
				SWIFT_VERSION = 5.0;
				TARGETED_DEVICE_FAMILY = "1,2";
			};
			name = Debug;
		};
		ABB95C5329D5963E001F6592 /* Release */ = {
			isa = XCBuildConfiguration;
			buildSettings = {
				ASSETCATALOG_COMPILER_GLOBAL_ACCENT_COLOR_NAME = AccentColor;
				ASSETCATALOG_COMPILER_WIDGET_BACKGROUND_COLOR_NAME = WidgetBackground;
				CODE_SIGN_STYLE = Automatic;
				CURRENT_PROJECT_VERSION = 1;
				GENERATE_INFOPLIST_FILE = YES;
				INFOPLIST_FILE = DatapadWidget/Info.plist;
				INFOPLIST_KEY_CFBundleDisplayName = DatapadWidget;
				INFOPLIST_KEY_NSHumanReadableCopyright = "";
				LD_RUNPATH_SEARCH_PATHS = (
					"$(inherited)",
					"@executable_path/Frameworks",
					"@executable_path/../../Frameworks",
				);
				MARKETING_VERSION = 1.0;
				PRODUCT_BUNDLE_IDENTIFIER = popnerd.studio.Datapad.DatapadWidget;
				PRODUCT_NAME = "$(TARGET_NAME)";
				SKIP_INSTALL = YES;
				SWIFT_EMIT_LOC_STRINGS = YES;
				SWIFT_VERSION = 5.0;
				TARGETED_DEVICE_FAMILY = "1,2";
			};
			name = Release;
		};
/* End XCBuildConfiguration section */

/* Begin XCConfigurationList section */
		ABB95C1429D40885001F6592 /* Build configuration list for PBXProject "Datapad" */ = {
			isa = XCConfigurationList;
			buildConfigurations = (
				ABB95C2529D40888001F6592 /* Debug */,
				ABB95C2629D40888001F6592 /* Release */,
			);
			defaultConfigurationIsVisible = 0;
			defaultConfigurationName = Release;
		};
		ABB95C2729D40888001F6592 /* Build configuration list for PBXNativeTarget "Datapad" */ = {
			isa = XCConfigurationList;
			buildConfigurations = (
				ABB95C2829D40888001F6592 /* Debug */,
				ABB95C2929D40888001F6592 /* Release */,
			);
			defaultConfigurationIsVisible = 0;
			defaultConfigurationName = Release;
		};
		ABB95C5129D5963E001F6592 /* Build configuration list for PBXNativeTarget "DatapadWidgetExtension" */ = {
			isa = XCConfigurationList;
			buildConfigurations = (
				ABB95C5229D5963E001F6592 /* Debug */,
				ABB95C5329D5963E001F6592 /* Release */,
			);
			defaultConfigurationIsVisible = 0;
			defaultConfigurationName = Release;
		};
/* End XCConfigurationList section */
	};
	rootObject = ABB95C1129D40885001F6592 /* Project object */;
}
